
Microsoft Visual Studio Solution File, Format Version 12.00
# Visual Studio Version 17
VisualStudioVersion = 17.3.32922.545
MinimumVisualStudioVersion = 10.0.40219.1
Project("{2150E333-8FDC-42A3-9474-1A3956D46DE8}") = "src", "src", "{E401C111-9844-4794-8208-7CD85717958E}"
EndProject
Project("{2150E333-8FDC-42A3-9474-1A3956D46DE8}") = "database", "database", "{14F05419-9A93-4F3A-B1B7-36D9D406E411}"
EndProject
Project("{2150E333-8FDC-42A3-9474-1A3956D46DE8}") = "business", "business", "{B8D1E135-D529-4552-8AD3-F979D3428F7A}"
EndProject
Project("{2150E333-8FDC-42A3-9474-1A3956D46DE8}") = "application", "application", "{D1B4F7CA-E190-4C79-915D-CAB064AD260B}"
EndProject
Project("{FAE04EC0-301F-11D3-BF4B-00C04F79EFBC}") = "Net_6.Database", "src\Net_6.Database\Net_6.Database.csproj", "{8D245CB2-4118-4268-87FA-7E9EDA646883}"
EndProject
Project("{FAE04EC0-301F-11D3-BF4B-00C04F79EFBC}") = "Net_6.Database.Shared", "src\Net_6.Database.Shared\Net_6.Database.Shared.csproj", "{6FCAC7C1-E93E-4A1E-B410-62A712F8E192}"
EndProject
Project("{FAE04EC0-301F-11D3-BF4B-00C04F79EFBC}") = "Net_6.Logic", "src\Net_6.Logic\Net_6.Logic.csproj", "{8A51F926-472E-4211-82D0-3B2B19078C99}"
EndProject
Project("{FAE04EC0-301F-11D3-BF4B-00C04F79EFBC}") = "Net_6.Logic.Shared", "src\Net_6.Logic.Shared\Net_6.Logic.Shared.csproj", "{3DBE78F3-9116-46C6-9CD0-525898BAAB72}"
EndProject
Project("{FAE04EC0-301F-11D3-BF4B-00C04F79EFBC}") = "Net_6.Website", "src\Net_6.Website\Net_6.Website.csproj", "{3B03DC79-1833-4940-B9BB-5B55F77A1423}"
EndProject
Project("{2150E333-8FDC-42A3-9474-1A3956D46DE8}") = "common", "common", "{D7542E61-7A09-402F-9AC9-1AC734635739}"
EndProject
Project("{FAE04EC0-301F-11D3-BF4B-00C04F79EFBC}") = "Net_6.Ultils", "src\Net_6.Ultils\Net_6.Ultils.csproj", "{7CDE7855-F84E-421A-A8EF-6F6A43518F4E}"
EndProject
Project("{FAE04EC0-301F-11D3-BF4B-00C04F79EFBC}") = "Net_6.Common.Shared", "src\Net_6.Commom.Shared\Net_6.Common.Shared.csproj", "{BCFE107D-05F0-4D47-B9BE-10188BDCC605}"
EndProject
Global
	GlobalSection(SolutionConfigurationPlatforms) = preSolution
		Debug|Any CPU = Debug|Any CPU
		Release|Any CPU = Release|Any CPU
	EndGlobalSection
	GlobalSection(ProjectConfigurationPlatforms) = postSolution
		{8D245CB2-4118-4268-87FA-7E9EDA646883}.Debug|Any CPU.ActiveCfg = Debug|Any CPU
		{8D245CB2-4118-4268-87FA-7E9EDA646883}.Debug|Any CPU.Build.0 = Debug|Any CPU
		{8D245CB2-4118-4268-87FA-7E9EDA646883}.Release|Any CPU.ActiveCfg = Release|Any CPU
		{8D245CB2-4118-4268-87FA-7E9EDA646883}.Release|Any CPU.Build.0 = Release|Any CPU
		{6FCAC7C1-E93E-4A1E-B410-62A712F8E192}.Debug|Any CPU.ActiveCfg = Debug|Any CPU
		{6FCAC7C1-E93E-4A1E-B410-62A712F8E192}.Debug|Any CPU.Build.0 = Debug|Any CPU
		{6FCAC7C1-E93E-4A1E-B410-62A712F8E192}.Release|Any CPU.ActiveCfg = Release|Any CPU
		{6FCAC7C1-E93E-4A1E-B410-62A712F8E192}.Release|Any CPU.Build.0 = Release|Any CPU
		{8A51F926-472E-4211-82D0-3B2B19078C99}.Debug|Any CPU.ActiveCfg = Debug|Any CPU
		{8A51F926-472E-4211-82D0-3B2B19078C99}.Debug|Any CPU.Build.0 = Debug|Any CPU
		{8A51F926-472E-4211-82D0-3B2B19078C99}.Release|Any CPU.ActiveCfg = Release|Any CPU
		{8A51F926-472E-4211-82D0-3B2B19078C99}.Release|Any CPU.Build.0 = Release|Any CPU
		{3DBE78F3-9116-46C6-9CD0-525898BAAB72}.Debug|Any CPU.ActiveCfg = Debug|Any CPU
		{3DBE78F3-9116-46C6-9CD0-525898BAAB72}.Debug|Any CPU.Build.0 = Debug|Any CPU
		{3DBE78F3-9116-46C6-9CD0-525898BAAB72}.Release|Any CPU.ActiveCfg = Release|Any CPU
		{3DBE78F3-9116-46C6-9CD0-525898BAAB72}.Release|Any CPU.Build.0 = Release|Any CPU
		{3B03DC79-1833-4940-B9BB-5B55F77A1423}.Debug|Any CPU.ActiveCfg = Debug|Any CPU
		{3B03DC79-1833-4940-B9BB-5B55F77A1423}.Debug|Any CPU.Build.0 = Debug|Any CPU
		{3B03DC79-1833-4940-B9BB-5B55F77A1423}.Release|Any CPU.ActiveCfg = Release|Any CPU
		{3B03DC79-1833-4940-B9BB-5B55F77A1423}.Release|Any CPU.Build.0 = Release|Any CPU
		{7CDE7855-F84E-421A-A8EF-6F6A43518F4E}.Debug|Any CPU.ActiveCfg = Debug|Any CPU
		{7CDE7855-F84E-421A-A8EF-6F6A43518F4E}.Debug|Any CPU.Build.0 = Debug|Any CPU
		{7CDE7855-F84E-421A-A8EF-6F6A43518F4E}.Release|Any CPU.ActiveCfg = Release|Any CPU
		{7CDE7855-F84E-421A-A8EF-6F6A43518F4E}.Release|Any CPU.Build.0 = Release|Any CPU
		{BCFE107D-05F0-4D47-B9BE-10188BDCC605}.Debug|Any CPU.ActiveCfg = Debug|Any CPU
		{BCFE107D-05F0-4D47-B9BE-10188BDCC605}.Debug|Any CPU.Build.0 = Debug|Any CPU
		{BCFE107D-05F0-4D47-B9BE-10188BDCC605}.Release|Any CPU.ActiveCfg = Release|Any CPU
		{BCFE107D-05F0-4D47-B9BE-10188BDCC605}.Release|Any CPU.Build.0 = Release|Any CPU
	EndGlobalSection
	GlobalSection(SolutionProperties) = preSolution
		HideSolutionNode = FALSE
	EndGlobalSection
	GlobalSection(NestedProjects) = preSolution
		{14F05419-9A93-4F3A-B1B7-36D9D406E411} = {E401C111-9844-4794-8208-7CD85717958E}
		{B8D1E135-D529-4552-8AD3-F979D3428F7A} = {E401C111-9844-4794-8208-7CD85717958E}
		{D1B4F7CA-E190-4C79-915D-CAB064AD260B} = {E401C111-9844-4794-8208-7CD85717958E}
		{8D245CB2-4118-4268-87FA-7E9EDA646883} = {14F05419-9A93-4F3A-B1B7-36D9D406E411}
		{6FCAC7C1-E93E-4A1E-B410-62A712F8E192} = {14F05419-9A93-4F3A-B1B7-36D9D406E411}
		{8A51F926-472E-4211-82D0-3B2B19078C99} = {B8D1E135-D529-4552-8AD3-F979D3428F7A}
		{3DBE78F3-9116-46C6-9CD0-525898BAAB72} = {B8D1E135-D529-4552-8AD3-F979D3428F7A}
		{3B03DC79-1833-4940-B9BB-5B55F77A1423} = {D1B4F7CA-E190-4C79-915D-CAB064AD260B}
		{D7542E61-7A09-402F-9AC9-1AC734635739} = {E401C111-9844-4794-8208-7CD85717958E}
		{7CDE7855-F84E-421A-A8EF-6F6A43518F4E} = {D7542E61-7A09-402F-9AC9-1AC734635739}
		{BCFE107D-05F0-4D47-B9BE-10188BDCC605} = {D7542E61-7A09-402F-9AC9-1AC734635739}
	EndGlobalSection
	GlobalSection(ExtensibilityGlobals) = postSolution
		SolutionGuid = {CCCD3E41-208B-4DB4-8B07-BB07D1396B6D}
	EndGlobalSection
EndGlobal
